
Microsoft Visual Studio Solution File, Format Version 12.00
# Visual Studio Version 17
VisualStudioVersion = 17.2.32630.192
MinimumVisualStudioVersion = 10.0.40219.1
Project("{9A19103F-16F7-4668-BE54-9A1E7A4F7556}") = "HiroSystemIO", "HiroSystemIO.csproj", "{A2E66CD9-EAA5-4EC2-88A9-9A11359F4310}"
EndProject
Global
	GlobalSection(SolutionConfigurationPlatforms) = preSolution
		Debug|Any CPU = Debug|Any CPU
		Release|Any CPU = Release|Any CPU
	EndGlobalSection
	GlobalSection(ProjectConfigurationPlatforms) = postSolution
		{A2E66CD9-EAA5-4EC2-88A9-9A11359F4310}.Debug|Any CPU.ActiveCfg = Debug|Any CPU
		{A2E66CD9-EAA5-4EC2-88A9-9A11359F4310}.Debug|Any CPU.Build.0 = Debug|Any CPU
		{A2E66CD9-EAA5-4EC2-88A9-9A11359F4310}.Release|Any CPU.ActiveCfg = Release|Any CPU
		{A2E66CD9-EAA5-4EC2-88A9-9A11359F4310}.Release|Any CPU.Build.0 = Release|Any CPU
	EndGlobalSection
	GlobalSection(SolutionProperties) = preSolution
		HideSolutionNode = FALSE
	EndGlobalSection
	GlobalSection(ExtensibilityGlobals) = postSolution
		SolutionGuid = {48867AC4-54FF-4BE9-84EF-D69EF57B2E95}
	EndGlobalSection
EndGlobal
